
Microsoft Visual Studio Solution File, Format Version 12.00
# Visual Studio 2012
Project("{FAE04EC0-301F-11D3-BF4B-00C04F79EFBC}") = "ForumHelper", "ForumHelper\ForumHelper.csproj", "{2BC2FA08-B211-4A45-AB8E-5CF8AC5239DB}"
EndProject
Global
	GlobalSection(SolutionConfigurationPlatforms) = preSolution
		Debug|Any CPU = Debug|Any CPU
		Release|Any CPU = Release|Any CPU
		ttitto|Any CPU = ttitto|Any CPU
	EndGlobalSection
	GlobalSection(ProjectConfigurationPlatforms) = postSolution
		{2BC2FA08-B211-4A45-AB8E-5CF8AC5239DB}.Debug|Any CPU.ActiveCfg = Debug|Any CPU
		{2BC2FA08-B211-4A45-AB8E-5CF8AC5239DB}.Debug|Any CPU.Build.0 = Debug|Any CPU
		{2BC2FA08-B211-4A45-AB8E-5CF8AC5239DB}.Release|Any CPU.ActiveCfg = Release|Any CPU
		{2BC2FA08-B211-4A45-AB8E-5CF8AC5239DB}.Release|Any CPU.Build.0 = Release|Any CPU
		{2BC2FA08-B211-4A45-AB8E-5CF8AC5239DB}.ttitto|Any CPU.ActiveCfg = Debug|Any CPU
		{2BC2FA08-B211-4A45-AB8E-5CF8AC5239DB}.ttitto|Any CPU.Build.0 = Debug|Any CPU
	EndGlobalSection
	GlobalSection(SolutionProperties) = preSolution
		HideSolutionNode = FALSE
	EndGlobalSection
EndGlobal
